
Microsoft Visual Studio Solution File, Format Version 12.00
# Visual Studio Version 16
VisualStudioVersion = 16.0.30330.147
MinimumVisualStudioVersion = 10.0.40219.1
Project("{FAE04EC0-301F-11D3-BF4B-00C04F79EFBC}") = "MarsRover", "MarsRover\MarsRover.csproj", "{5F71F47A-7E9A-4F49-82D5-4742AFB44E27}"
EndProject
Project("{FAE04EC0-301F-11D3-BF4B-00C04F79EFBC}") = "MarsRover.Common", "MarsRover.Common\MarsRover.Common.csproj", "{202907A3-A688-4928-8D4E-E40DB62C45C5}"
EndProject
Project("{FAE04EC0-301F-11D3-BF4B-00C04F79EFBC}") = "MarsRover.Test", "MarsRover.Test\MarsRover.Test.csproj", "{4F3E95DA-6606-48BF-861C-A370974F05C3}"
EndProject
Global
	GlobalSection(SolutionConfigurationPlatforms) = preSolution
		Debug|Any CPU = Debug|Any CPU
		Release|Any CPU = Release|Any CPU
	EndGlobalSection
	GlobalSection(ProjectConfigurationPlatforms) = postSolution
		{5F71F47A-7E9A-4F49-82D5-4742AFB44E27}.Debug|Any CPU.ActiveCfg = Debug|Any CPU
		{5F71F47A-7E9A-4F49-82D5-4742AFB44E27}.Debug|Any CPU.Build.0 = Debug|Any CPU
		{5F71F47A-7E9A-4F49-82D5-4742AFB44E27}.Release|Any CPU.ActiveCfg = Release|Any CPU
		{5F71F47A-7E9A-4F49-82D5-4742AFB44E27}.Release|Any CPU.Build.0 = Release|Any CPU
		{202907A3-A688-4928-8D4E-E40DB62C45C5}.Debug|Any CPU.ActiveCfg = Debug|Any CPU
		{202907A3-A688-4928-8D4E-E40DB62C45C5}.Debug|Any CPU.Build.0 = Debug|Any CPU
		{202907A3-A688-4928-8D4E-E40DB62C45C5}.Release|Any CPU.ActiveCfg = Release|Any CPU
		{202907A3-A688-4928-8D4E-E40DB62C45C5}.Release|Any CPU.Build.0 = Release|Any CPU
		{4F3E95DA-6606-48BF-861C-A370974F05C3}.Debug|Any CPU.ActiveCfg = Debug|Any CPU
		{4F3E95DA-6606-48BF-861C-A370974F05C3}.Debug|Any CPU.Build.0 = Debug|Any CPU
		{4F3E95DA-6606-48BF-861C-A370974F05C3}.Release|Any CPU.ActiveCfg = Release|Any CPU
		{4F3E95DA-6606-48BF-861C-A370974F05C3}.Release|Any CPU.Build.0 = Release|Any CPU
	EndGlobalSection
	GlobalSection(SolutionProperties) = preSolution
		HideSolutionNode = FALSE
	EndGlobalSection
	GlobalSection(ExtensibilityGlobals) = postSolution
		SolutionGuid = {688434CC-D648-416C-BBAA-08211FE0BB85}
	EndGlobalSection
EndGlobal
